
Microsoft Visual Studio Solution File, Format Version 12.00
# Visual Studio 14
VisualStudioVersion = 14.0.25420.1
MinimumVisualStudioVersion = 10.0.40219.1
Project("{FAE04EC0-301F-11D3-BF4B-00C04F79EFBC}") = "SimpleEncryption_AlternatingSplit", "SimpleEncryption_AlternatingSplit\SimpleEncryption_AlternatingSplit.csproj", "{E98F1759-443F-434C-BA26-57AC567FC79D}"
EndProject
Project("{FAE04EC0-301F-11D3-BF4B-00C04F79EFBC}") = "SimpleEncryption_AlternatingSplitTests", "SimpleEncryption_AlternatingSplitTests\SimpleEncryption_AlternatingSplitTests.csproj", "{0A1DD4D9-A16D-407C-93E6-5AF3E97A6B65}"
EndProject
Global
	GlobalSection(SolutionConfigurationPlatforms) = preSolution
		Debug|Any CPU = Debug|Any CPU
		Release|Any CPU = Release|Any CPU
	EndGlobalSection
	GlobalSection(ProjectConfigurationPlatforms) = postSolution
		{E98F1759-443F-434C-BA26-57AC567FC79D}.Debug|Any CPU.ActiveCfg = Debug|Any CPU
		{E98F1759-443F-434C-BA26-57AC567FC79D}.Debug|Any CPU.Build.0 = Debug|Any CPU
		{E98F1759-443F-434C-BA26-57AC567FC79D}.Release|Any CPU.ActiveCfg = Release|Any CPU
		{E98F1759-443F-434C-BA26-57AC567FC79D}.Release|Any CPU.Build.0 = Release|Any CPU
		{0A1DD4D9-A16D-407C-93E6-5AF3E97A6B65}.Debug|Any CPU.ActiveCfg = Debug|Any CPU
		{0A1DD4D9-A16D-407C-93E6-5AF3E97A6B65}.Debug|Any CPU.Build.0 = Debug|Any CPU
		{0A1DD4D9-A16D-407C-93E6-5AF3E97A6B65}.Release|Any CPU.ActiveCfg = Release|Any CPU
		{0A1DD4D9-A16D-407C-93E6-5AF3E97A6B65}.Release|Any CPU.Build.0 = Release|Any CPU
	EndGlobalSection
	GlobalSection(SolutionProperties) = preSolution
		HideSolutionNode = FALSE
	EndGlobalSection
EndGlobal
