
Microsoft Visual Studio Solution File, Format Version 12.00
# Visual Studio 14
VisualStudioVersion = 14.0.25420.1
MinimumVisualStudioVersion = 10.0.40219.1
Project("{FAE04EC0-301F-11D3-BF4B-00C04F79EFBC}") = "IQTestKata", "IQTestKata\IQTestKata.csproj", "{2EF796EA-8C99-4BFF-9172-459BB25B9CF3}"
EndProject
Project("{FAE04EC0-301F-11D3-BF4B-00C04F79EFBC}") = "IQTestKataTests", "IQTestKataTests\IQTestKataTests.csproj", "{CBADE0DC-5203-4F14-B22B-B2ECA29738E7}"
EndProject
Global
	GlobalSection(SolutionConfigurationPlatforms) = preSolution
		Debug|Any CPU = Debug|Any CPU
		Release|Any CPU = Release|Any CPU
	EndGlobalSection
	GlobalSection(ProjectConfigurationPlatforms) = postSolution
		{2EF796EA-8C99-4BFF-9172-459BB25B9CF3}.Debug|Any CPU.ActiveCfg = Debug|Any CPU
		{2EF796EA-8C99-4BFF-9172-459BB25B9CF3}.Debug|Any CPU.Build.0 = Debug|Any CPU
		{2EF796EA-8C99-4BFF-9172-459BB25B9CF3}.Release|Any CPU.ActiveCfg = Release|Any CPU
		{2EF796EA-8C99-4BFF-9172-459BB25B9CF3}.Release|Any CPU.Build.0 = Release|Any CPU
		{CBADE0DC-5203-4F14-B22B-B2ECA29738E7}.Debug|Any CPU.ActiveCfg = Debug|Any CPU
		{CBADE0DC-5203-4F14-B22B-B2ECA29738E7}.Debug|Any CPU.Build.0 = Debug|Any CPU
		{CBADE0DC-5203-4F14-B22B-B2ECA29738E7}.Release|Any CPU.ActiveCfg = Release|Any CPU
		{CBADE0DC-5203-4F14-B22B-B2ECA29738E7}.Release|Any CPU.Build.0 = Release|Any CPU
	EndGlobalSection
	GlobalSection(SolutionProperties) = preSolution
		HideSolutionNode = FALSE
	EndGlobalSection
EndGlobal
