
Microsoft Visual Studio Solution File, Format Version 12.00
# Visual Studio 14
VisualStudioVersion = 14.0.25420.1
MinimumVisualStudioVersion = 10.0.40219.1
Project("{FAE04EC0-301F-11D3-BF4B-00C04F79EFBC}") = "VowelShiftingKata", "VowelShiftingKata\VowelShiftingKata.csproj", "{EBD5D540-79E8-46B3-93D4-E6958E4831A1}"
EndProject
Project("{FAE04EC0-301F-11D3-BF4B-00C04F79EFBC}") = "VowelShiftingKataTests", "VowelShiftingKataTests\VowelShiftingKataTests.csproj", "{0E0D237F-038D-4E09-ACFE-FAB77917843B}"
EndProject
Global
	GlobalSection(SolutionConfigurationPlatforms) = preSolution
		Debug|Any CPU = Debug|Any CPU
		Release|Any CPU = Release|Any CPU
	EndGlobalSection
	GlobalSection(ProjectConfigurationPlatforms) = postSolution
		{EBD5D540-79E8-46B3-93D4-E6958E4831A1}.Debug|Any CPU.ActiveCfg = Debug|Any CPU
		{EBD5D540-79E8-46B3-93D4-E6958E4831A1}.Debug|Any CPU.Build.0 = Debug|Any CPU
		{EBD5D540-79E8-46B3-93D4-E6958E4831A1}.Release|Any CPU.ActiveCfg = Release|Any CPU
		{EBD5D540-79E8-46B3-93D4-E6958E4831A1}.Release|Any CPU.Build.0 = Release|Any CPU
		{0E0D237F-038D-4E09-ACFE-FAB77917843B}.Debug|Any CPU.ActiveCfg = Debug|Any CPU
		{0E0D237F-038D-4E09-ACFE-FAB77917843B}.Debug|Any CPU.Build.0 = Debug|Any CPU
		{0E0D237F-038D-4E09-ACFE-FAB77917843B}.Release|Any CPU.ActiveCfg = Release|Any CPU
		{0E0D237F-038D-4E09-ACFE-FAB77917843B}.Release|Any CPU.Build.0 = Release|Any CPU
	EndGlobalSection
	GlobalSection(SolutionProperties) = preSolution
		HideSolutionNode = FALSE
	EndGlobalSection
EndGlobal
