
Microsoft Visual Studio Solution File, Format Version 12.00
# Visual Studio 14
VisualStudioVersion = 14.0.25420.1
MinimumVisualStudioVersion = 10.0.40219.1
Project("{FAE04EC0-301F-11D3-BF4B-00C04F79EFBC}") = "ClockInMirrorKata", "ClockInMirrorKata\ClockInMirrorKata.csproj", "{73CF5E0D-EDFD-4C09-B742-B2A9192F7DA7}"
EndProject
Project("{FAE04EC0-301F-11D3-BF4B-00C04F79EFBC}") = "ClockInMirrorKataTests", "ClockInMirrorKataTests\ClockInMirrorKataTests.csproj", "{D28BB848-ED8B-4965-B877-5E0623049A48}"
EndProject
Global
	GlobalSection(SolutionConfigurationPlatforms) = preSolution
		Debug|Any CPU = Debug|Any CPU
		Release|Any CPU = Release|Any CPU
	EndGlobalSection
	GlobalSection(ProjectConfigurationPlatforms) = postSolution
		{73CF5E0D-EDFD-4C09-B742-B2A9192F7DA7}.Debug|Any CPU.ActiveCfg = Debug|Any CPU
		{73CF5E0D-EDFD-4C09-B742-B2A9192F7DA7}.Debug|Any CPU.Build.0 = Debug|Any CPU
		{73CF5E0D-EDFD-4C09-B742-B2A9192F7DA7}.Release|Any CPU.ActiveCfg = Release|Any CPU
		{73CF5E0D-EDFD-4C09-B742-B2A9192F7DA7}.Release|Any CPU.Build.0 = Release|Any CPU
		{D28BB848-ED8B-4965-B877-5E0623049A48}.Debug|Any CPU.ActiveCfg = Debug|Any CPU
		{D28BB848-ED8B-4965-B877-5E0623049A48}.Debug|Any CPU.Build.0 = Debug|Any CPU
		{D28BB848-ED8B-4965-B877-5E0623049A48}.Release|Any CPU.ActiveCfg = Release|Any CPU
		{D28BB848-ED8B-4965-B877-5E0623049A48}.Release|Any CPU.Build.0 = Release|Any CPU
	EndGlobalSection
	GlobalSection(SolutionProperties) = preSolution
		HideSolutionNode = FALSE
	EndGlobalSection
EndGlobal
