
Microsoft Visual Studio Solution File, Format Version 12.00
# Visual Studio 14
VisualStudioVersion = 14.0.25420.1
MinimumVisualStudioVersion = 10.0.40219.1
Project("{FAE04EC0-301F-11D3-BF4B-00C04F79EFBC}") = "FormatNumberAsCurrencyKata", "FormatNumberAsCurrencyKata\FormatNumberAsCurrencyKata.csproj", "{F59AB1B4-F945-4221-ACE8-A6332721CE8E}"
EndProject
Project("{FAE04EC0-301F-11D3-BF4B-00C04F79EFBC}") = "FormatNumberAsCurrencyKataTests", "FormatNumberAsCurrencyKataTests\FormatNumberAsCurrencyKataTests.csproj", "{9C07BAEB-5043-4259-BDE4-B1E1AD23E519}"
EndProject
Global
	GlobalSection(SolutionConfigurationPlatforms) = preSolution
		Debug|Any CPU = Debug|Any CPU
		Release|Any CPU = Release|Any CPU
	EndGlobalSection
	GlobalSection(ProjectConfigurationPlatforms) = postSolution
		{F59AB1B4-F945-4221-ACE8-A6332721CE8E}.Debug|Any CPU.ActiveCfg = Debug|Any CPU
		{F59AB1B4-F945-4221-ACE8-A6332721CE8E}.Debug|Any CPU.Build.0 = Debug|Any CPU
		{F59AB1B4-F945-4221-ACE8-A6332721CE8E}.Release|Any CPU.ActiveCfg = Release|Any CPU
		{F59AB1B4-F945-4221-ACE8-A6332721CE8E}.Release|Any CPU.Build.0 = Release|Any CPU
		{9C07BAEB-5043-4259-BDE4-B1E1AD23E519}.Debug|Any CPU.ActiveCfg = Debug|Any CPU
		{9C07BAEB-5043-4259-BDE4-B1E1AD23E519}.Debug|Any CPU.Build.0 = Debug|Any CPU
		{9C07BAEB-5043-4259-BDE4-B1E1AD23E519}.Release|Any CPU.ActiveCfg = Release|Any CPU
		{9C07BAEB-5043-4259-BDE4-B1E1AD23E519}.Release|Any CPU.Build.0 = Release|Any CPU
	EndGlobalSection
	GlobalSection(SolutionProperties) = preSolution
		HideSolutionNode = FALSE
	EndGlobalSection
EndGlobal
